
Microsoft Visual Studio Solution File, Format Version 12.00
# Visual Studio Version 17
VisualStudioVersion = 17.5.33530.505
MinimumVisualStudioVersion = 10.0.40219.1
Project("{FAE04EC0-301F-11D3-BF4B-00C04F79EFBC}") = "ConsoleApp2", "ConsoleApp2.csproj", "{08DFA855-9340-4F3B-85BE-DA35AD6EB1FD}"
EndProject
Global
	GlobalSection(SolutionConfigurationPlatforms) = preSolution
		Debug|Any CPU = Debug|Any CPU
		Release|Any CPU = Release|Any CPU
	EndGlobalSection
	GlobalSection(ProjectConfigurationPlatforms) = postSolution
		{08DFA855-9340-4F3B-85BE-DA35AD6EB1FD}.Debug|Any CPU.ActiveCfg = Debug|Any CPU
		{08DFA855-9340-4F3B-85BE-DA35AD6EB1FD}.Debug|Any CPU.Build.0 = Debug|Any CPU
		{08DFA855-9340-4F3B-85BE-DA35AD6EB1FD}.Release|Any CPU.ActiveCfg = Release|Any CPU
		{08DFA855-9340-4F3B-85BE-DA35AD6EB1FD}.Release|Any CPU.Build.0 = Release|Any CPU
	EndGlobalSection
	GlobalSection(SolutionProperties) = preSolution
		HideSolutionNode = FALSE
	EndGlobalSection
	GlobalSection(ExtensibilityGlobals) = postSolution
		SolutionGuid = {FEE1AED8-A9C4-4403-84F4-F6AD3882BC21}
	EndGlobalSection
EndGlobal
