
Microsoft Visual Studio Solution File, Format Version 12.00
# Visual Studio Version 17
VisualStudioVersion = 17.5.33530.505
MinimumVisualStudioVersion = 10.0.40219.1
Project("{FAE04EC0-301F-11D3-BF4B-00C04F79EFBC}") = "IndexerProject", "IndexerProject.csproj", "{5FC3B924-110E-4D0C-98F4-FD663F1AB3F5}"
EndProject
Global
	GlobalSection(SolutionConfigurationPlatforms) = preSolution
		Debug|Any CPU = Debug|Any CPU
		Release|Any CPU = Release|Any CPU
	EndGlobalSection
	GlobalSection(ProjectConfigurationPlatforms) = postSolution
		{5FC3B924-110E-4D0C-98F4-FD663F1AB3F5}.Debug|Any CPU.ActiveCfg = Debug|Any CPU
		{5FC3B924-110E-4D0C-98F4-FD663F1AB3F5}.Debug|Any CPU.Build.0 = Debug|Any CPU
		{5FC3B924-110E-4D0C-98F4-FD663F1AB3F5}.Release|Any CPU.ActiveCfg = Release|Any CPU
		{5FC3B924-110E-4D0C-98F4-FD663F1AB3F5}.Release|Any CPU.Build.0 = Release|Any CPU
	EndGlobalSection
	GlobalSection(SolutionProperties) = preSolution
		HideSolutionNode = FALSE
	EndGlobalSection
	GlobalSection(ExtensibilityGlobals) = postSolution
		SolutionGuid = {F9BD9E14-3287-4B5D-AF5C-F876AAA1F606}
	EndGlobalSection
EndGlobal
