
Microsoft Visual Studio Solution File, Format Version 12.00
# Visual Studio Version 17
VisualStudioVersion = 17.5.33530.505
MinimumVisualStudioVersion = 10.0.40219.1
Project("{FAE04EC0-301F-11D3-BF4B-00C04F79EFBC}") = "PropertyInC#", "PropertyInC#.csproj", "{8195299C-F7A6-4529-B000-78DF98D27014}"
EndProject
Global
	GlobalSection(SolutionConfigurationPlatforms) = preSolution
		Debug|Any CPU = Debug|Any CPU
		Release|Any CPU = Release|Any CPU
	EndGlobalSection
	GlobalSection(ProjectConfigurationPlatforms) = postSolution
		{8195299C-F7A6-4529-B000-78DF98D27014}.Debug|Any CPU.ActiveCfg = Debug|Any CPU
		{8195299C-F7A6-4529-B000-78DF98D27014}.Debug|Any CPU.Build.0 = Debug|Any CPU
		{8195299C-F7A6-4529-B000-78DF98D27014}.Release|Any CPU.ActiveCfg = Release|Any CPU
		{8195299C-F7A6-4529-B000-78DF98D27014}.Release|Any CPU.Build.0 = Release|Any CPU
	EndGlobalSection
	GlobalSection(SolutionProperties) = preSolution
		HideSolutionNode = FALSE
	EndGlobalSection
	GlobalSection(ExtensibilityGlobals) = postSolution
		SolutionGuid = {55B76718-6478-4588-94EA-5D74E5ADE53D}
	EndGlobalSection
EndGlobal
