
Microsoft Visual Studio Solution File, Format Version 12.00
# Visual Studio Version 17
VisualStudioVersion = 17.5.33530.505
MinimumVisualStudioVersion = 10.0.40219.1
Project("{FAE04EC0-301F-11D3-BF4B-00C04F79EFBC}") = "ASPNETCRUD", "ASPNETCRUD.csproj", "{501DDA80-2D25-46E1-AA45-1F6067FEAA97}"
EndProject
Global
	GlobalSection(SolutionConfigurationPlatforms) = preSolution
		Debug|Any CPU = Debug|Any CPU
		Release|Any CPU = Release|Any CPU
	EndGlobalSection
	GlobalSection(ProjectConfigurationPlatforms) = postSolution
		{501DDA80-2D25-46E1-AA45-1F6067FEAA97}.Debug|Any CPU.ActiveCfg = Debug|Any CPU
		{501DDA80-2D25-46E1-AA45-1F6067FEAA97}.Debug|Any CPU.Build.0 = Debug|Any CPU
		{501DDA80-2D25-46E1-AA45-1F6067FEAA97}.Release|Any CPU.ActiveCfg = Release|Any CPU
		{501DDA80-2D25-46E1-AA45-1F6067FEAA97}.Release|Any CPU.Build.0 = Release|Any CPU
	EndGlobalSection
	GlobalSection(SolutionProperties) = preSolution
		HideSolutionNode = FALSE
	EndGlobalSection
	GlobalSection(ExtensibilityGlobals) = postSolution
		SolutionGuid = {80927F7F-5AF0-49DD-8F8E-E6F1230EDC4E}
	EndGlobalSection
EndGlobal
