
Microsoft Visual Studio Solution File, Format Version 12.00
# Visual Studio Version 17
VisualStudioVersion = 17.5.33530.505
MinimumVisualStudioVersion = 10.0.40219.1
Project("{FAE04EC0-301F-11D3-BF4B-00C04F79EFBC}") = "AbstractProject", "AbstractProject.csproj", "{6A109DA1-C3AB-4F8E-A55E-7D561E496206}"
EndProject
Global
	GlobalSection(SolutionConfigurationPlatforms) = preSolution
		Debug|Any CPU = Debug|Any CPU
		Release|Any CPU = Release|Any CPU
	EndGlobalSection
	GlobalSection(ProjectConfigurationPlatforms) = postSolution
		{6A109DA1-C3AB-4F8E-A55E-7D561E496206}.Debug|Any CPU.ActiveCfg = Debug|Any CPU
		{6A109DA1-C3AB-4F8E-A55E-7D561E496206}.Debug|Any CPU.Build.0 = Debug|Any CPU
		{6A109DA1-C3AB-4F8E-A55E-7D561E496206}.Release|Any CPU.ActiveCfg = Release|Any CPU
		{6A109DA1-C3AB-4F8E-A55E-7D561E496206}.Release|Any CPU.Build.0 = Release|Any CPU
	EndGlobalSection
	GlobalSection(SolutionProperties) = preSolution
		HideSolutionNode = FALSE
	EndGlobalSection
	GlobalSection(ExtensibilityGlobals) = postSolution
		SolutionGuid = {1B5B1D6B-1A6A-4A36-917E-491FCBFF5EDE}
	EndGlobalSection
EndGlobal
