
Microsoft Visual Studio Solution File, Format Version 12.00
# Visual Studio Version 17
VisualStudioVersion = 17.5.33530.505
MinimumVisualStudioVersion = 10.0.40219.1
Project("{FAE04EC0-301F-11D3-BF4B-00C04F79EFBC}") = "AuthProject", "AuthProject.csproj", "{36DA02FE-DF02-430A-B861-504CDDD824ED}"
EndProject
Global
	GlobalSection(SolutionConfigurationPlatforms) = preSolution
		Debug|Any CPU = Debug|Any CPU
		Release|Any CPU = Release|Any CPU
	EndGlobalSection
	GlobalSection(ProjectConfigurationPlatforms) = postSolution
		{36DA02FE-DF02-430A-B861-504CDDD824ED}.Debug|Any CPU.ActiveCfg = Debug|Any CPU
		{36DA02FE-DF02-430A-B861-504CDDD824ED}.Debug|Any CPU.Build.0 = Debug|Any CPU
		{36DA02FE-DF02-430A-B861-504CDDD824ED}.Release|Any CPU.ActiveCfg = Release|Any CPU
		{36DA02FE-DF02-430A-B861-504CDDD824ED}.Release|Any CPU.Build.0 = Release|Any CPU
	EndGlobalSection
	GlobalSection(SolutionProperties) = preSolution
		HideSolutionNode = FALSE
	EndGlobalSection
	GlobalSection(ExtensibilityGlobals) = postSolution
		SolutionGuid = {344DA9D6-5EF4-4168-A9CB-759963DF3033}
	EndGlobalSection
EndGlobal
