
Microsoft Visual Studio Solution File, Format Version 12.00
# Visual Studio Version 17
VisualStudioVersion = 17.5.33530.505
MinimumVisualStudioVersion = 10.0.40219.1
Project("{FAE04EC0-301F-11D3-BF4B-00C04F79EFBC}") = "ToValidatePlayerInfo", "ToValidatePlayerInfo.csproj", "{5A961275-DAC3-4181-8E21-A0184A5C7D0F}"
EndProject
Global
	GlobalSection(SolutionConfigurationPlatforms) = preSolution
		Debug|Any CPU = Debug|Any CPU
		Release|Any CPU = Release|Any CPU
	EndGlobalSection
	GlobalSection(ProjectConfigurationPlatforms) = postSolution
		{5A961275-DAC3-4181-8E21-A0184A5C7D0F}.Debug|Any CPU.ActiveCfg = Debug|Any CPU
		{5A961275-DAC3-4181-8E21-A0184A5C7D0F}.Debug|Any CPU.Build.0 = Debug|Any CPU
		{5A961275-DAC3-4181-8E21-A0184A5C7D0F}.Release|Any CPU.ActiveCfg = Release|Any CPU
		{5A961275-DAC3-4181-8E21-A0184A5C7D0F}.Release|Any CPU.Build.0 = Release|Any CPU
	EndGlobalSection
	GlobalSection(SolutionProperties) = preSolution
		HideSolutionNode = FALSE
	EndGlobalSection
	GlobalSection(ExtensibilityGlobals) = postSolution
		SolutionGuid = {4D17D08C-85F2-48EF-B281-0FC70D9EFEE9}
	EndGlobalSection
EndGlobal
